{
  "name": "maxsmart2-adapter",
  "version": "0.0.3",
  "lockfileVersion": 2,
  "requires": true,
  "packages": {
    "": {
      "version": "0.0.3",
      "license": "MIT",
      "dependencies": {
        "mh-maxsmart2": "^1.3.0"
      }
    },
    "node_modules/mh-maxsmart2": {
      "version": "1.3.0",
      "resolved": "https://registry.npmjs.org/mh-maxsmart2/-/mh-maxsmart2-1.3.0.tgz",
      "integrity": "sha512-LYbs9r6G0JBuvmRh14PWxrxvbCfkskAVXn4vQ1yDxUcxzRvmYQHjQ4p/c8jFqNT8CoL+1bBYgYTO+FD6L0fGqg=="
    }
  },
  "dependencies": {
    "mh-maxsmart2": {
      "version": "1.3.0",
      "resolved": "https://registry.npmjs.org/mh-maxsmart2/-/mh-maxsmart2-1.3.0.tgz",
      "integrity": "sha512-LYbs9r6G0JBuvmRh14PWxrxvbCfkskAVXn4vQ1yDxUcxzRvmYQHjQ4p/c8jFqNT8CoL+1bBYgYTO+FD6L0fGqg=="
    }
  }
}
